// !$*UTF8*$!
{
	archiveVersion = 1;
	classes = {
	};
	objectVersion = 48;
	objects = {

/* Begin PBXBuildFile section */
		493280DD1F2E59A700437B58 /* AppDelegate.swift in Sources */ = {isa = PBXBuildFile; fileRef = 493280DC1F2E59A700437B58 /* AppDelegate.swift */; };
		493280DF1F2E59A700437B58 /* ViewController.swift in Sources */ = {isa = PBXBuildFile; fileRef = 493280DE1F2E59A700437B58 /* ViewController.swift */; };
		493280E21F2E59A700437B58 /* Main.storyboard in Resources */ = {isa = PBXBuildFile; fileRef = 493280E01F2E59A700437B58 /* Main.storyboard */; };
		493280E41F2E59A700437B58 /* Assets.xcassets in Resources */ = {isa = PBXBuildFile; fileRef = 493280E31F2E59A700437B58 /* Assets.xcassets */; };
		493280E71F2E59A700437B58 /* LaunchScreen.storyboard in Resources */ = {isa = PBXBuildFile; fileRef = 493280E51F2E59A700437B58 /* LaunchScreen.storyboard */; };
/* End PBXBuildFile section */

/* Begin PBXFileReference section */
		493280D91F2E59A700437B58 /* proofread.app */ = {isa = PBXFileReference; explicitFileType = wrapper.application; includeInIndex = 0; path = proofread.app; sourceTree = BUILT_PRODUCTS_DIR; };
		493280DC1F2E59A700437B58 /* AppDelegate.swift */ = {isa = PBXFileReference; lastKnownFileType = sourcecode.swift; path = AppDelegate.swift; sourceTree = "<group>"; };
		493280DE1F2E59A700437B58 /* ViewController.swift */ = {isa = PBXFileReference; lastKnownFileType = sourcecode.swift; path = ViewController.swift; sourceTree = "<group>"; };
		493280E11F2E59A700437B58 /* Base */ = {isa = PBXFileReference; lastKnownFileType = file.storyboard; name = Base; path = Base.lproj/Main.storyboard; sourceTree = "<group>"; };
		493280E31F2E59A700437B58 /* Assets.xcassets */ = {isa = PBXFileReference; lastKnownFileType = folder.assetcatalog; path = Assets.xcassets; sourceTree = "<group>"; };
		493280E61F2E59A700437B58 /* Base */ = {isa = PBXFileReference; lastKnownFileType = file.storyboard; name = Base; path = Base.lproj/LaunchScreen.storyboard; sourceTree = "<group>"; };
		493280E81F2E59A700437B58 /* Info.plist */ = {isa = PBXFileReference; lastKnownFileType = text.plist.xml; path = Info.plist; sourceTree = "<group>"; };
/* End PBXFileReference section */

/* Begin PBXFrameworksBuildPhase section */
		493280D61F2E59A700437B58 /* Frameworks */ = {
			isa = PBXFrameworksBuildPhase;
			buildActionMask = 2147483647;
			files = (
			);
			runOnlyForDeploymentPostprocessing = 0;
		};
/* End PBXFrameworksBuildPhase section */

/* Begin PBXGroup section */
		493280D01F2E59A700437B58 = {
			isa = PBXGroup;
			children = (
				493280DB1F2E59A700437B58 /* proofread */,
				493280DA1F2E59A700437B58 /* Products */,
			);
			sourceTree = "<group>";
		};
		493280DA1F2E59A700437B58 /* Products */ = {
			isa = PBXGroup;
			children = (
				493280D91F2E59A700437B58 /* proofread.app */,
			);
			name = Products;
			sourceTree = "<group>";
		};
		493280DB1F2E59A700437B58 /* proofread */ = {
			isa = PBXGroup;
			children = (
				493280DC1F2E59A700437B58 /* AppDelegate.swift */,
				493280DE1F2E59A700437B58 /* ViewController.swift */,
				493280E01F2E59A700437B58 /* Main.storyboard */,
				493280E31F2E59A700437B58 /* Assets.xcassets */,
				493280E51F2E59A700437B58 /* LaunchScreen.storyboard */,
				493280E81F2E59A700437B58 /* Info.plist */,
			);
			path = proofread;
			sourceTree = "<group>";
		};
/* End PBXGroup section */

/* Begin PBXNativeTarget section */
		493280D81F2E59A700437B58 /* proofread */ = {
			isa = PBXNativeTarget;
			buildConfigurationList = 493280EB1F2E59A700437B58 /* Build configuration list for PBXNativeTarget "proofread" */;
			buildPhases = (
				493280D51F2E59A700437B58 /* Sources */,
				493280D61F2E59A700437B58 /* Frameworks */,
				493280D71F2E59A700437B58 /* Resources */,
			);
			buildRules = (
			);
			dependencies = (
			);
			name = proofread;
			productName = proofread;
			productReference = 493280D91F2E59A700437B58 /* proofread.app */;
			productType = "com.apple.product-type.application";
		};
/* End PBXNativeTarget section */

/* Begin PBXProject section */
		493280D11F2E59A700437B58 /* Project object */ = {
			isa = PBXProject;
			attributes = {
				LastSwiftUpdateCheck = 0900;
				LastUpgradeCheck = 0900;
				ORGANIZATIONNAME = thecope;
				TargetAttributes = {
					493280D81F2E59A700437B58 = {
						CreatedOnToolsVersion = 9.0;
					};
				};
			};
			buildConfigurationList = 493280D41F2E59A700437B58 /* Build configuration list for PBXProject "proofread" */;
			compatibilityVersion = "Xcode 8.0";
			developmentRegion = en;
			hasScannedForEncodings = 0;
			knownRegions = (
				en,
				Base,
			);
			mainGroup = 493280D01F2E59A700437B58;
			productRefGroup = 493280DA1F2E59A700437B58 /* Products */;
			projectDirPath = "";
			projectRoot = "";
			targets = (
				493280D81F2E59A700437B58 /* proofread */,
			);
		};
/* End PBXProject section */

/* Begin PBXResourcesBuildPhase section */
		493280D71F2E59A700437B58 /* Resources */ = {
			isa = PBXResourcesBuildPhase;
			buildActionMask = 2147483647;
			files = (
				493280E71F2E59A700437B58 /* LaunchScreen.storyboard in Resources */,
				493280E41F2E59A700437B58 /* Assets.xcassets in Resources */,
				493280E21F2E59A700437B58 /* Main.storyboard in Resources */,
			);
			runOnlyForDeploymentPostprocessing = 0;
		};
/* End PBXResourcesBuildPhase section */

/* Begin PBXSourcesBuildPhase section */
		493280D51F2E59A700437B58 /* Sources */ = {
			isa = PBXSourcesBuildPhase;
			buildActionMask = 2147483647;
			files = (
				493280DF1F2E59A700437B58 /* ViewController.swift in Sources */,
				493280DD1F2E59A700437B58 /* AppDelegate.swift in Sources */,
			);
			runOnlyForDeploymentPostprocessing = 0;
		};
/* End PBXSourcesBuildPhase section */

/* Begin PBXVariantGroup section */
		493280E01F2E59A700437B58 /* Main.storyboard */ = {
			isa = PBXVariantGroup;
			children = (
				493280E11F2E59A700437B58 /* Base */,
			);
			name = Main.storyboard;
			sourceTree = "<group>";
		};
		493280E51F2E59A700437B58 /* LaunchScreen.storyboard */ = {
			isa = PBXVariantGroup;
			children = (
				493280E61F2E59A700437B58 /* Base */,
			);
			name = LaunchScreen.storyboard;
			sourceTree = "<group>";
		};
/* End PBXVariantGroup section */

/* Begin XCBuildConfiguration section */
		493280E91F2E59A700437B58 /* Debug */ = {
			isa = XCBuildConfiguration;
			buildSettings = {
				ALWAYS_SEARCH_USER_PATHS = NO;
				CLANG_ANALYZER_NONNULL = YES;
				CLANG_ANALYZER_NUMBER_OBJECT_CONVERSION = YES_AGGRESSIVE;
				CLANG_CXX_LANGUAGE_STANDARD = "gnu++14";
				CLANG_CXX_LIBRARY = "libc++";
				CLANG_ENABLE_MODULES = YES;
				CLANG_ENABLE_OBJC_ARC = YES;
				CLANG_WARN_BLOCK_CAPTURE_AUTORELEASING = YES;
				CLANG_WARN_BOOL_CONVERSION = YES;
				CLANG_WARN_COMMA = YES;
				CLANG_WARN_CONSTANT_CONVERSION = YES;
				CLANG_WARN_DIRECT_OBJC_ISA_USAGE = YES_ERROR;
				CLANG_WARN_DOCUMENTATION_COMMENTS = YES;
				CLANG_WARN_EMPTY_BODY = YES;
				CLANG_WARN_ENUM_CONVERSION = YES;
				CLANG_WARN_INFINITE_RECURSION = YES;
				CLANG_WARN_INT_CONVERSION = YES;
				CLANG_WARN_NON_LITERAL_NULL_CONVERSION = YES;
				CLANG_WARN_OBJC_LITERAL_CONVERSION = YES;
				CLANG_WARN_OBJC_ROOT_CLASS = YES_ERROR;
				CLANG_WARN_RANGE_LOOP_ANALYSIS = YES;
				CLANG_WARN_STRICT_PROTOTYPES = YES;
				CLANG_WARN_SUSPICIOUS_MOVE = YES;
				CLANG_WARN_UNGUARDED_AVAILABILITY = YES_AGGRESSIVE;
				CLANG_WARN_UNREACHABLE_CODE = YES;
				CLANG_WARN__DUPLICATE_METHOD_MATCH = YES;
				CODE_SIGN_IDENTITY = "iPhone Developer";
				COPY_PHASE_STRIP = NO;
				DEBUG_INFORMATION_FORMAT = dwarf;
				ENABLE_STRICT_OBJC_MSGSEND = YES;
				ENABLE_TESTABILITY = YES;
				GCC_C_LANGUAGE_STANDARD = gnu11;
				GCC_DYNAMIC_NO_PIC = NO;
				GCC_NO_COMMON_BLOCKS = YES;
				GCC_OPTIMIZATION_LEVEL = 0;
				GCC_PREPROCESSOR_DEFINITIONS = (
					"DEBUG=1",
					"$(inherited)",
				);
				GCC_WARN_64_TO_32_BIT_CONVERSION = YES;
				GCC_WARN_ABOUT_RETURN_TYPE = YES_ERROR;
				GCC_WARN_UNDECLARED_SELECTOR = YES;
				GCC_WARN_UNINITIALIZED_AUTOS = YES_AGGRESSIVE;
				GCC_WARN_UNUSED_FUNCTION = YES;
				GCC_WARN_UNUSED_VARIABLE = YES;
				IPHONEOS_DEPLOYMENT_TARGET = 11.0;
				MTL_ENABLE_DEBUG_INFO = YES;
				ONLY_ACTIVE_ARCH = YES;
				SDKROOT = iphoneos;
				SWIFT_ACTIVE_COMPILATION_CONDITIONS = DEBUG;
				SWIFT_OPTIMIZATION_LEVEL = "-Onone";
			};
			name = Debug;
		};
		493280EA1F2E59A700437B58 /* Release */ = {
			isa = XCBuildConfiguration;
			buildSettings = {
				ALWAYS_SEARCH_USER_PATHS = NO;
				CLANG_ANALYZER_NONNULL = YES;
				CLANG_ANALYZER_NUMBER_OBJECT_CONVERSION = YES_AGGRESSIVE;
				CLANG_CXX_LANGUAGE_STANDARD = "gnu++14";
				CLANG_CXX_LIBRARY = "libc++";
				CLANG_ENABLE_MODULES = YES;
				CLANG_ENABLE_OBJC_ARC = YES;
				CLANG_WARN_BLOCK_CAPTURE_AUTORELEASING = YES;
				CLANG_WARN_BOOL_CONVERSION = YES;
				CLANG_WARN_COMMA = YES;
				CLANG_WARN_CONSTANT_CONVERSION = YES;
				CLANG_WARN_DIRECT_OBJC_ISA_USAGE = YES_ERROR;
				CLANG_WARN_DOCUMENTATION_COMMENTS = YES;
				CLANG_WARN_EMPTY_BODY = YES;
				CLANG_WARN_ENUM_CONVERSION = YES;
				CLANG_WARN_INFINITE_RECURSION = YES;
				CLANG_WARN_INT_CONVERSION = YES;
				CLANG_WARN_NON_LITERAL_NULL_CONVERSION = YES;
				CLANG_WARN_OBJC_LITERAL_CONVERSION = YES;
				CLANG_WARN_OBJC_ROOT_CLASS = YES_ERROR;
				CLANG_WARN_RANGE_LOOP_ANALYSIS = YES;
				CLANG_WARN_STRICT_PROTOTYPES = YES;
				CLANG_WARN_SUSPICIOUS_MOVE = YES;
				CLANG_WARN_UNGUARDED_AVAILABILITY = YES_AGGRESSIVE;
				CLANG_WARN_UNREACHABLE_CODE = YES;
				CLANG_WARN__DUPLICATE_METHOD_MATCH = YES;
				CODE_SIGN_IDENTITY = "iPhone Developer";
				COPY_PHASE_STRIP = NO;
				DEBUG_INFORMATION_FORMAT = "dwarf-with-dsym";
				ENABLE_NS_ASSERTIONS = NO;
				ENABLE_STRICT_OBJC_MSGSEND = YES;
				GCC_C_LANGUAGE_STANDARD = gnu11;
				GCC_NO_COMMON_BLOCKS = YES;
				GCC_WARN_64_TO_32_BIT_CONVERSION = YES;
				GCC_WARN_ABOUT_RETURN_TYPE = YES_ERROR;
				GCC_WARN_UNDECLARED_SELECTOR = YES;
				GCC_WARN_UNINITIALIZED_AUTOS = YES_AGGRESSIVE;
				GCC_WARN_UNUSED_FUNCTION = YES;
				GCC_WARN_UNUSED_VARIABLE = YES;
				IPHONEOS_DEPLOYMENT_TARGET = 11.0;
				MTL_ENABLE_DEBUG_INFO = NO;
				SDKROOT = iphoneos;
				SWIFT_OPTIMIZATION_LEVEL = "-Owholemodule";
				VALIDATE_PRODUCT = YES;
			};
			name = Release;
		};
		493280EC1F2E59A700437B58 /* Debug */ = {
			isa = XCBuildConfiguration;
			buildSettings = {
				ASSETCATALOG_COMPILER_APPICON_NAME = AppIcon;
				DEVELOPMENT_TEAM = P44B5828F9;
				INFOPLIST_FILE = proofread/Info.plist;
				LD_RUNPATH_SEARCH_PATHS = "$(inherited) @executable_path/Frameworks";
				PRODUCT_BUNDLE_IDENTIFIER = net.thecope.proofread;
				PRODUCT_NAME = "$(TARGET_NAME)";
				SWIFT_VERSION = 4.0;
				TARGETED_DEVICE_FAMILY = "1,2";
			};
			name = Debug;
		};
		493280ED1F2E59A700437B58 /* Release */ = {
			isa = XCBuildConfiguration;
			buildSettings = {
				ASSETCATALOG_COMPILER_APPICON_NAME = AppIcon;
				DEVELOPMENT_TEAM = P44B5828F9;
				INFOPLIST_FILE = proofread/Info.plist;
				LD_RUNPATH_SEARCH_PATHS = "$(inherited) @executable_path/Frameworks";
				PRODUCT_BUNDLE_IDENTIFIER = net.thecope.proofread;
				PRODUCT_NAME = "$(TARGET_NAME)";
				SWIFT_VERSION = 4.0;
				TARGETED_DEVICE_FAMILY = "1,2";
			};
			name = Release;
		};
/* End XCBuildConfiguration section */

/* Begin XCConfigurationList section */
		493280D41F2E59A700437B58 /* Build configuration list for PBXProject "proofread" */ = {
			isa = XCConfigurationList;
			buildConfigurations = (
				493280E91F2E59A700437B58 /* Debug */,
				493280EA1F2E59A700437B58 /* Release */,
			);
			defaultConfigurationIsVisible = 0;
			defaultConfigurationName = Release;
		};
		493280EB1F2E59A700437B58 /* Build configuration list for PBXNativeTarget "proofread" */ = {
			isa = XCConfigurationList;
			buildConfigurations = (
				493280EC1F2E59A700437B58 /* Debug */,
				493280ED1F2E59A700437B58 /* Release */,
			);
			defaultConfigurationIsVisible = 0;
			defaultConfigurationName = Release;
		};
/* End XCConfigurationList section */
	};
	rootObject = 493280D11F2E59A700437B58 /* Project object */;
}
